// !$*UTF8*$!
{
	archiveVersion = 1;
	classes = {
	};
	objectVersion = 46;
	objects = {

/* Begin PBXBuildFile section */
		FA2B71111B35B5D800C77CD0 /* WebService.swift in Sources */ = {isa = PBXBuildFile; fileRef = FA2B71101B35B5D800C77CD0 /* WebService.swift */; };
		FAA94FBA1B3576B400BB669E /* AppDelegate.swift in Sources */ = {isa = PBXBuildFile; fileRef = FAA94FB91B3576B400BB669E /* AppDelegate.swift */; };
		FAA94FBC1B3576B400BB669E /* ViewController.swift in Sources */ = {isa = PBXBuildFile; fileRef = FAA94FBB1B3576B400BB669E /* ViewController.swift */; };
		FAA94FBF1B3576B400BB669E /* Main.storyboard in Resources */ = {isa = PBXBuildFile; fileRef = FAA94FBD1B3576B400BB669E /* Main.storyboard */; };
		FAA94FC11B3576B400BB669E /* Images.xcassets in Resources */ = {isa = PBXBuildFile; fileRef = FAA94FC01B3576B400BB669E /* Images.xcassets */; };
		FAA94FC41B3576B400BB669E /* LaunchScreen.xib in Resources */ = {isa = PBXBuildFile; fileRef = FAA94FC21B3576B400BB669E /* LaunchScreen.xib */; };
		FAA94FD01B3576B400BB669E /* EmocrcyTests.swift in Sources */ = {isa = PBXBuildFile; fileRef = FAA94FCF1B3576B400BB669E /* EmocrcyTests.swift */; };
		FAA94FE61B35A7A800BB669E /* Alamofire.framework in Frameworks */ = {isa = PBXBuildFile; fileRef = FAA94FE41B35A7A800BB669E /* Alamofire.framework */; };
		FAA94FE71B35A7A800BB669E /* ObjectMapper.framework in Frameworks */ = {isa = PBXBuildFile; fileRef = FAA94FE51B35A7A800BB669E /* ObjectMapper.framework */; };
/* End PBXBuildFile section */

/* Begin PBXContainerItemProxy section */
		FAA94FCA1B3576B400BB669E /* PBXContainerItemProxy */ = {
			isa = PBXContainerItemProxy;
			containerPortal = FAA94FAC1B3576B300BB669E /* Project object */;
			proxyType = 1;
			remoteGlobalIDString = FAA94FB31B3576B300BB669E;
			remoteInfo = Emocrcy;
		};
/* End PBXContainerItemProxy section */

/* Begin PBXFileReference section */
		FA2B71101B35B5D800C77CD0 /* WebService.swift */ = {isa = PBXFileReference; fileEncoding = 4; lastKnownFileType = sourcecode.swift; path = WebService.swift; sourceTree = "<group>"; };
		FAA94FB41B3576B400BB669E /* Emocrcy.app */ = {isa = PBXFileReference; explicitFileType = wrapper.application; includeInIndex = 0; path = Emocrcy.app; sourceTree = BUILT_PRODUCTS_DIR; };
		FAA94FB81B3576B400BB669E /* Info.plist */ = {isa = PBXFileReference; lastKnownFileType = text.plist.xml; path = Info.plist; sourceTree = "<group>"; };
		FAA94FB91B3576B400BB669E /* AppDelegate.swift */ = {isa = PBXFileReference; lastKnownFileType = sourcecode.swift; path = AppDelegate.swift; sourceTree = "<group>"; };
		FAA94FBB1B3576B400BB669E /* ViewController.swift */ = {isa = PBXFileReference; lastKnownFileType = sourcecode.swift; path = ViewController.swift; sourceTree = "<group>"; };
		FAA94FBE1B3576B400BB669E /* Base */ = {isa = PBXFileReference; lastKnownFileType = file.storyboard; name = Base; path = Base.lproj/Main.storyboard; sourceTree = "<group>"; };
		FAA94FC01B3576B400BB669E /* Images.xcassets */ = {isa = PBXFileReference; lastKnownFileType = folder.assetcatalog; path = Images.xcassets; sourceTree = "<group>"; };
		FAA94FC31B3576B400BB669E /* Base */ = {isa = PBXFileReference; lastKnownFileType = file.xib; name = Base; path = Base.lproj/LaunchScreen.xib; sourceTree = "<group>"; };
		FAA94FC91B3576B400BB669E /* EmocrcyTests.xctest */ = {isa = PBXFileReference; explicitFileType = wrapper.cfbundle; includeInIndex = 0; path = EmocrcyTests.xctest; sourceTree = BUILT_PRODUCTS_DIR; };
		FAA94FCE1B3576B400BB669E /* Info.plist */ = {isa = PBXFileReference; lastKnownFileType = text.plist.xml; path = Info.plist; sourceTree = "<group>"; };
		FAA94FCF1B3576B400BB669E /* EmocrcyTests.swift */ = {isa = PBXFileReference; lastKnownFileType = sourcecode.swift; path = EmocrcyTests.swift; sourceTree = "<group>"; };
		FAA94FE41B35A7A800BB669E /* Alamofire.framework */ = {isa = PBXFileReference; lastKnownFileType = wrapper.framework; name = Alamofire.framework; path = Carthage/Build/iOS/Alamofire.framework; sourceTree = "<group>"; };
		FAA94FE51B35A7A800BB669E /* ObjectMapper.framework */ = {isa = PBXFileReference; lastKnownFileType = wrapper.framework; name = ObjectMapper.framework; path = Carthage/Build/iOS/ObjectMapper.framework; sourceTree = "<group>"; };
/* End PBXFileReference section */

/* Begin PBXFrameworksBuildPhase section */
		FAA94FB11B3576B300BB669E /* Frameworks */ = {
			isa = PBXFrameworksBuildPhase;
			buildActionMask = 2147483647;
			files = (
				FAA94FE61B35A7A800BB669E /* Alamofire.framework in Frameworks */,
				FAA94FE71B35A7A800BB669E /* ObjectMapper.framework in Frameworks */,
			);
			runOnlyForDeploymentPostprocessing = 0;
		};
		FAA94FC61B3576B400BB669E /* Frameworks */ = {
			isa = PBXFrameworksBuildPhase;
			buildActionMask = 2147483647;
			files = (
			);
			runOnlyForDeploymentPostprocessing = 0;
		};
/* End PBXFrameworksBuildPhase section */

/* Begin PBXGroup section */
		FAA94FAB1B3576B300BB669E = {
			isa = PBXGroup;
			children = (
				FAA94FE41B35A7A800BB669E /* Alamofire.framework */,
				FAA94FE51B35A7A800BB669E /* ObjectMapper.framework */,
				FAA94FB61B3576B400BB669E /* Emocrcy */,
				FAA94FCC1B3576B400BB669E /* EmocrcyTests */,
				FAA94FB51B3576B400BB669E /* Products */,
			);
			sourceTree = "<group>";
		};
		FAA94FB51B3576B400BB669E /* Products */ = {
			isa = PBXGroup;
			children = (
				FAA94FB41B3576B400BB669E /* Emocrcy.app */,
				FAA94FC91B3576B400BB669E /* EmocrcyTests.xctest */,
			);
			name = Products;
			sourceTree = "<group>";
		};
		FAA94FB61B3576B400BB669E /* Emocrcy */ = {
			isa = PBXGroup;
			children = (
				FAA94FB91B3576B400BB669E /* AppDelegate.swift */,
				FAA94FBB1B3576B400BB669E /* ViewController.swift */,
				FAA94FBD1B3576B400BB669E /* Main.storyboard */,
				FAA94FC01B3576B400BB669E /* Images.xcassets */,
				FAA94FC21B3576B400BB669E /* LaunchScreen.xib */,
				FAA94FB71B3576B400BB669E /* Supporting Files */,
				FA2B71101B35B5D800C77CD0 /* WebService.swift */,
			);
			path = Emocrcy;
			sourceTree = "<group>";
		};
		FAA94FB71B3576B400BB669E /* Supporting Files */ = {
			isa = PBXGroup;
			children = (
				FAA94FB81B3576B400BB669E /* Info.plist */,
			);
			name = "Supporting Files";
			sourceTree = "<group>";
		};
		FAA94FCC1B3576B400BB669E /* EmocrcyTests */ = {
			isa = PBXGroup;
			children = (
				FAA94FCF1B3576B400BB669E /* EmocrcyTests.swift */,
				FAA94FCD1B3576B400BB669E /* Supporting Files */,
			);
			path = EmocrcyTests;
			sourceTree = "<group>";
		};
		FAA94FCD1B3576B400BB669E /* Supporting Files */ = {
			isa = PBXGroup;
			children = (
				FAA94FCE1B3576B400BB669E /* Info.plist */,
			);
			name = "Supporting Files";
			sourceTree = "<group>";
		};
/* End PBXGroup section */

/* Begin PBXNativeTarget section */
		FAA94FB31B3576B300BB669E /* Emocrcy */ = {
			isa = PBXNativeTarget;
			buildConfigurationList = FAA94FD31B3576B400BB669E /* Build configuration list for PBXNativeTarget "Emocrcy" */;
			buildPhases = (
				FAA94FB01B3576B300BB669E /* Sources */,
				FAA94FB11B3576B300BB669E /* Frameworks */,
				FAA94FB21B3576B300BB669E /* Resources */,
				FAA94FD91B359D3200BB669E /* Run Script */,
			);
			buildRules = (
			);
			dependencies = (
			);
			name = Emocrcy;
			productName = Emocrcy;
			productReference = FAA94FB41B3576B400BB669E /* Emocrcy.app */;
			productType = "com.apple.product-type.application";
		};
		FAA94FC81B3576B400BB669E /* EmocrcyTests */ = {
			isa = PBXNativeTarget;
			buildConfigurationList = FAA94FD61B3576B400BB669E /* Build configuration list for PBXNativeTarget "EmocrcyTests" */;
			buildPhases = (
				FAA94FC51B3576B400BB669E /* Sources */,
				FAA94FC61B3576B400BB669E /* Frameworks */,
				FAA94FC71B3576B400BB669E /* Resources */,
			);
			buildRules = (
			);
			dependencies = (
				FAA94FCB1B3576B400BB669E /* PBXTargetDependency */,
			);
			name = EmocrcyTests;
			productName = EmocrcyTests;
			productReference = FAA94FC91B3576B400BB669E /* EmocrcyTests.xctest */;
			productType = "com.apple.product-type.bundle.unit-test";
		};
/* End PBXNativeTarget section */

/* Begin PBXProject section */
		FAA94FAC1B3576B300BB669E /* Project object */ = {
			isa = PBXProject;
			attributes = {
				LastUpgradeCheck = 0630;
				ORGANIZATIONNAME = "Stavros Filippidis";
				TargetAttributes = {
					FAA94FB31B3576B300BB669E = {
						CreatedOnToolsVersion = 6.3.2;
						DevelopmentTeam = E7ZDN4X53V;
					};
					FAA94FC81B3576B400BB669E = {
						CreatedOnToolsVersion = 6.3.2;
						TestTargetID = FAA94FB31B3576B300BB669E;
					};
				};
			};
			buildConfigurationList = FAA94FAF1B3576B300BB669E /* Build configuration list for PBXProject "Emocrcy" */;
			compatibilityVersion = "Xcode 3.2";
			developmentRegion = English;
			hasScannedForEncodings = 0;
			knownRegions = (
				en,
				Base,
			);
			mainGroup = FAA94FAB1B3576B300BB669E;
			productRefGroup = FAA94FB51B3576B400BB669E /* Products */;
			projectDirPath = "";
			projectRoot = "";
			targets = (
				FAA94FB31B3576B300BB669E /* Emocrcy */,
				FAA94FC81B3576B400BB669E /* EmocrcyTests */,
			);
		};
/* End PBXProject section */

/* Begin PBXResourcesBuildPhase section */
		FAA94FB21B3576B300BB669E /* Resources */ = {
			isa = PBXResourcesBuildPhase;
			buildActionMask = 2147483647;
			files = (
				FAA94FBF1B3576B400BB669E /* Main.storyboard in Resources */,
				FAA94FC41B3576B400BB669E /* LaunchScreen.xib in Resources */,
				FAA94FC11B3576B400BB669E /* Images.xcassets in Resources */,
			);
			runOnlyForDeploymentPostprocessing = 0;
		};
		FAA94FC71B3576B400BB669E /* Resources */ = {
			isa = PBXResourcesBuildPhase;
			buildActionMask = 2147483647;
			files = (
			);
			runOnlyForDeploymentPostprocessing = 0;
		};
/* End PBXResourcesBuildPhase section */

/* Begin PBXShellScriptBuildPhase section */
		FAA94FD91B359D3200BB669E /* Run Script */ = {
			isa = PBXShellScriptBuildPhase;
			buildActionMask = 12;
			files = (
			);
			inputPaths = (
				"$(SRCROOT)/Carthage/Build/iOS/Alamofire.framework",
				"$(SRCROOT)/Carthage/Build/iOS/ObjectMapper.framework",
			);
			name = "Run Script";
			outputPaths = (
			);
			runOnlyForDeploymentPostprocessing = 0;
			shellPath = /bin/sh;
			shellScript = "/usr/local/bin/carthage copy-frameworks";
		};
/* End PBXShellScriptBuildPhase section */

/* Begin PBXSourcesBuildPhase section */
		FAA94FB01B3576B300BB669E /* Sources */ = {
			isa = PBXSourcesBuildPhase;
			buildActionMask = 2147483647;
			files = (
				FA2B71111B35B5D800C77CD0 /* WebService.swift in Sources */,
				FAA94FBC1B3576B400BB669E /* ViewController.swift in Sources */,
				FAA94FBA1B3576B400BB669E /* AppDelegate.swift in Sources */,
			);
			runOnlyForDeploymentPostprocessing = 0;
		};
		FAA94FC51B3576B400BB669E /* Sources */ = {
			isa = PBXSourcesBuildPhase;
			buildActionMask = 2147483647;
			files = (
				FAA94FD01B3576B400BB669E /* EmocrcyTests.swift in Sources */,
			);
			runOnlyForDeploymentPostprocessing = 0;
		};
/* End PBXSourcesBuildPhase section */

/* Begin PBXTargetDependency section */
		FAA94FCB1B3576B400BB669E /* PBXTargetDependency */ = {
			isa = PBXTargetDependency;
			target = FAA94FB31B3576B300BB669E /* Emocrcy */;
			targetProxy = FAA94FCA1B3576B400BB669E /* PBXContainerItemProxy */;
		};
/* End PBXTargetDependency section */

/* Begin PBXVariantGroup section */
		FAA94FBD1B3576B400BB669E /* Main.storyboard */ = {
			isa = PBXVariantGroup;
			children = (
				FAA94FBE1B3576B400BB669E /* Base */,
			);
			name = Main.storyboard;
			sourceTree = "<group>";
		};
		FAA94FC21B3576B400BB669E /* LaunchScreen.xib */ = {
			isa = PBXVariantGroup;
			children = (
				FAA94FC31B3576B400BB669E /* Base */,
			);
			name = LaunchScreen.xib;
			sourceTree = "<group>";
		};
/* End PBXVariantGroup section */

/* Begin XCBuildConfiguration section */
		FAA94FD11B3576B400BB669E /* Debug */ = {
			isa = XCBuildConfiguration;
			buildSettings = {
				ALWAYS_SEARCH_USER_PATHS = NO;
				CLANG_CXX_LANGUAGE_STANDARD = "gnu++0x";
				CLANG_CXX_LIBRARY = "libc++";
				CLANG_ENABLE_MODULES = YES;
				CLANG_ENABLE_OBJC_ARC = YES;
				CLANG_WARN_BOOL_CONVERSION = YES;
				CLANG_WARN_CONSTANT_CONVERSION = YES;
				CLANG_WARN_DIRECT_OBJC_ISA_USAGE = YES_ERROR;
				CLANG_WARN_EMPTY_BODY = YES;
				CLANG_WARN_ENUM_CONVERSION = YES;
				CLANG_WARN_INT_CONVERSION = YES;
				CLANG_WARN_OBJC_ROOT_CLASS = YES_ERROR;
				CLANG_WARN_UNREACHABLE_CODE = YES;
				CLANG_WARN__DUPLICATE_METHOD_MATCH = YES;
				"CODE_SIGN_IDENTITY[sdk=iphoneos*]" = "iPhone Developer";
				COPY_PHASE_STRIP = NO;
				DEBUG_INFORMATION_FORMAT = "dwarf-with-dsym";
				ENABLE_STRICT_OBJC_MSGSEND = YES;
				GCC_C_LANGUAGE_STANDARD = gnu99;
				GCC_DYNAMIC_NO_PIC = NO;
				GCC_NO_COMMON_BLOCKS = YES;
				GCC_OPTIMIZATION_LEVEL = 0;
				GCC_PREPROCESSOR_DEFINITIONS = (
					"DEBUG=1",
					"$(inherited)",
				);
				GCC_SYMBOLS_PRIVATE_EXTERN = NO;
				GCC_WARN_64_TO_32_BIT_CONVERSION = YES;
				GCC_WARN_ABOUT_RETURN_TYPE = YES_ERROR;
				GCC_WARN_UNDECLARED_SELECTOR = YES;
				GCC_WARN_UNINITIALIZED_AUTOS = YES_AGGRESSIVE;
				GCC_WARN_UNUSED_FUNCTION = YES;
				GCC_WARN_UNUSED_VARIABLE = YES;
				IPHONEOS_DEPLOYMENT_TARGET = 8.3;
				MTL_ENABLE_DEBUG_INFO = YES;
				ONLY_ACTIVE_ARCH = YES;
				SDKROOT = iphoneos;
				SWIFT_OPTIMIZATION_LEVEL = "-Onone";
				TARGETED_DEVICE_FAMILY = "1,2";
			};
			name = Debug;
		};
		FAA94FD21B3576B400BB669E /* Release */ = {
			isa = XCBuildConfiguration;
			buildSettings = {
				ALWAYS_SEARCH_USER_PATHS = NO;
				CLANG_CXX_LANGUAGE_STANDARD = "gnu++0x";
				CLANG_CXX_LIBRARY = "libc++";
				CLANG_ENABLE_MODULES = YES;
				CLANG_ENABLE_OBJC_ARC = YES;
				CLANG_WARN_BOOL_CONVERSION = YES;
				CLANG_WARN_CONSTANT_CONVERSION = YES;
				CLANG_WARN_DIRECT_OBJC_ISA_USAGE = YES_ERROR;
				CLANG_WARN_EMPTY_BODY = YES;
				CLANG_WARN_ENUM_CONVERSION = YES;
				CLANG_WARN_INT_CONVERSION = YES;
				CLANG_WARN_OBJC_ROOT_CLASS = YES_ERROR;
				CLANG_WARN_UNREACHABLE_CODE = YES;
				CLANG_WARN__DUPLICATE_METHOD_MATCH = YES;
				"CODE_SIGN_IDENTITY[sdk=iphoneos*]" = "iPhone Developer";
				COPY_PHASE_STRIP = NO;
				DEBUG_INFORMATION_FORMAT = "dwarf-with-dsym";
				ENABLE_NS_ASSERTIONS = NO;
				ENABLE_STRICT_OBJC_MSGSEND = YES;
				GCC_C_LANGUAGE_STANDARD = gnu99;
				GCC_NO_COMMON_BLOCKS = YES;
				GCC_WARN_64_TO_32_BIT_CONVERSION = YES;
				GCC_WARN_ABOUT_RETURN_TYPE = YES_ERROR;
				GCC_WARN_UNDECLARED_SELECTOR = YES;
				GCC_WARN_UNINITIALIZED_AUTOS = YES_AGGRESSIVE;
				GCC_WARN_UNUSED_FUNCTION = YES;
				GCC_WARN_UNUSED_VARIABLE = YES;
				IPHONEOS_DEPLOYMENT_TARGET = 8.3;
				MTL_ENABLE_DEBUG_INFO = NO;
				SDKROOT = iphoneos;
				TARGETED_DEVICE_FAMILY = "1,2";
				VALIDATE_PRODUCT = YES;
			};
			name = Release;
		};
		FAA94FD41B3576B400BB669E /* Debug */ = {
			isa = XCBuildConfiguration;
			buildSettings = {
				ASSETCATALOG_COMPILER_APPICON_NAME = AppIcon;
				CODE_SIGN_IDENTITY = "iPhone Developer";
				"CODE_SIGN_IDENTITY[sdk=iphoneos*]" = "iPhone Developer";
				FRAMEWORK_SEARCH_PATHS = (
					"$(inherited)",
					"$(PROJECT_DIR)/Carthage/Build/iOS",
				);
				INFOPLIST_FILE = Emocrcy/Info.plist;
				LD_RUNPATH_SEARCH_PATHS = "$(inherited) @executable_path/Frameworks";
				PRODUCT_NAME = "$(TARGET_NAME)";
				PROVISIONING_PROFILE = "";
				TARGETED_DEVICE_FAMILY = 1;
			};
			name = Debug;
		};
		FAA94FD51B3576B400BB669E /* Release */ = {
			isa = XCBuildConfiguration;
			buildSettings = {
				ASSETCATALOG_COMPILER_APPICON_NAME = AppIcon;
				CODE_SIGN_IDENTITY = "iPhone Developer";
				"CODE_SIGN_IDENTITY[sdk=iphoneos*]" = "iPhone Developer";
				FRAMEWORK_SEARCH_PATHS = (
					"$(inherited)",
					"$(PROJECT_DIR)/libraries/Carthage/Build/iOS",
					"$(PROJECT_DIR)/Carthage/Build/iOS",
				);
				INFOPLIST_FILE = Emocrcy/Info.plist;
				LD_RUNPATH_SEARCH_PATHS = "$(inherited) @executable_path/Frameworks";
				PRODUCT_NAME = "$(TARGET_NAME)";
				PROVISIONING_PROFILE = "";
				TARGETED_DEVICE_FAMILY = 1;
			};
			name = Release;
		};
		FAA94FD71B3576B400BB669E /* Debug */ = {
			isa = XCBuildConfiguration;
			buildSettings = {
				BUNDLE_LOADER = "$(TEST_HOST)";
				FRAMEWORK_SEARCH_PATHS = (
					"$(SDKROOT)/Developer/Library/Frameworks",
					"$(inherited)",
				);
				GCC_PREPROCESSOR_DEFINITIONS = (
					"DEBUG=1",
					"$(inherited)",
				);
				INFOPLIST_FILE = EmocrcyTests/Info.plist;
				LD_RUNPATH_SEARCH_PATHS = "$(inherited) @executable_path/Frameworks @loader_path/Frameworks";
				PRODUCT_NAME = "$(TARGET_NAME)";
				TEST_HOST = "$(BUILT_PRODUCTS_DIR)/Emocrcy.app/Emocrcy";
			};
			name = Debug;
		};
		FAA94FD81B3576B400BB669E /* Release */ = {
			isa = XCBuildConfiguration;
			buildSettings = {
				BUNDLE_LOADER = "$(TEST_HOST)";
				FRAMEWORK_SEARCH_PATHS = (
					"$(SDKROOT)/Developer/Library/Frameworks",
					"$(inherited)",
				);
				INFOPLIST_FILE = EmocrcyTests/Info.plist;
				LD_RUNPATH_SEARCH_PATHS = "$(inherited) @executable_path/Frameworks @loader_path/Frameworks";
				PRODUCT_NAME = "$(TARGET_NAME)";
				TEST_HOST = "$(BUILT_PRODUCTS_DIR)/Emocrcy.app/Emocrcy";
			};
			name = Release;
		};
/* End XCBuildConfiguration section */

/* Begin XCConfigurationList section */
		FAA94FAF1B3576B300BB669E /* Build configuration list for PBXProject "Emocrcy" */ = {
			isa = XCConfigurationList;
			buildConfigurations = (
				FAA94FD11B3576B400BB669E /* Debug */,
				FAA94FD21B3576B400BB669E /* Release */,
			);
			defaultConfigurationIsVisible = 0;
			defaultConfigurationName = Release;
		};
		FAA94FD31B3576B400BB669E /* Build configuration list for PBXNativeTarget "Emocrcy" */ = {
			isa = XCConfigurationList;
			buildConfigurations = (
				FAA94FD41B3576B400BB669E /* Debug */,
				FAA94FD51B3576B400BB669E /* Release */,
			);
			defaultConfigurationIsVisible = 0;
			defaultConfigurationName = Release;
		};
		FAA94FD61B3576B400BB669E /* Build configuration list for PBXNativeTarget "EmocrcyTests" */ = {
			isa = XCConfigurationList;
			buildConfigurations = (
				FAA94FD71B3576B400BB669E /* Debug */,
				FAA94FD81B3576B400BB669E /* Release */,
			);
			defaultConfigurationIsVisible = 0;
			defaultConfigurationName = Release;
		};
/* End XCConfigurationList section */
	};
	rootObject = FAA94FAC1B3576B300BB669E /* Project object */;
}
